
Microsoft Visual Studio Solution File, Format Version 12.00
# Visual Studio Version 16
VisualStudioVersion = 16.0.31911.196
MinimumVisualStudioVersion = 10.0.40219.1
Project("{FAE04EC0-301F-11D3-BF4B-00C04F79EFBC}") = "Monopoly-Api", "Monopoly-Api.csproj", "{1347346A-434A-4B5D-830F-DE3486B4C3EB}"
EndProject
Global
	GlobalSection(SolutionConfigurationPlatforms) = preSolution
		Debug|Any CPU = Debug|Any CPU
		Release|Any CPU = Release|Any CPU
	EndGlobalSection
	GlobalSection(ProjectConfigurationPlatforms) = postSolution
		{1347346A-434A-4B5D-830F-DE3486B4C3EB}.Debug|Any CPU.ActiveCfg = Debug|Any CPU
		{1347346A-434A-4B5D-830F-DE3486B4C3EB}.Debug|Any CPU.Build.0 = Debug|Any CPU
		{1347346A-434A-4B5D-830F-DE3486B4C3EB}.Release|Any CPU.ActiveCfg = Release|Any CPU
		{1347346A-434A-4B5D-830F-DE3486B4C3EB}.Release|Any CPU.Build.0 = Release|Any CPU
	EndGlobalSection
	GlobalSection(SolutionProperties) = preSolution
		HideSolutionNode = FALSE
	EndGlobalSection
	GlobalSection(ExtensibilityGlobals) = postSolution
		SolutionGuid = {E840EF71-DCE5-445E-A42C-42A6DE020CEE}
	EndGlobalSection
EndGlobal
